// !$*UTF8*$!
{
	archiveVersion = 1;
	classes = {
	};
	objectVersion = 50;
	objects = {

/* Begin PBXBuildFile section */
		63075A262245A9AE00421444 /* DetailsViewController.swift in Sources */ = {isa = PBXBuildFile; fileRef = 63075A252245A9AE00421444 /* DetailsViewController.swift */; };
		630A00BF22413E2E00D47A5B /* AppDelegate.swift in Sources */ = {isa = PBXBuildFile; fileRef = 630A00BE22413E2E00D47A5B /* AppDelegate.swift */; };
		630A00C122413E2E00D47A5B /* ViewController.swift in Sources */ = {isa = PBXBuildFile; fileRef = 630A00C022413E2E00D47A5B /* ViewController.swift */; };
		630A00C622413E3000D47A5B /* Assets.xcassets in Resources */ = {isa = PBXBuildFile; fileRef = 630A00C522413E3000D47A5B /* Assets.xcassets */; };
		630A00C922413E3000D47A5B /* LaunchScreen.storyboard in Resources */ = {isa = PBXBuildFile; fileRef = 630A00C722413E3000D47A5B /* LaunchScreen.storyboard */; };
		630A00D12241630800D47A5B /* SongTableViewCell.swift in Sources */ = {isa = PBXBuildFile; fileRef = 630A00D02241630800D47A5B /* SongTableViewCell.swift */; };
		630A00D3224165EE00D47A5B /* Song.swift in Sources */ = {isa = PBXBuildFile; fileRef = 630A00D2224165EE00D47A5B /* Song.swift */; };
		63DB5C902248636400A5D834 /* AddSongViewController.swift in Sources */ = {isa = PBXBuildFile; fileRef = 63DB5C8F2248636400A5D834 /* AddSongViewController.swift */; };
/* End PBXBuildFile section */

/* Begin PBXFileReference section */
		63075A252245A9AE00421444 /* DetailsViewController.swift */ = {isa = PBXFileReference; lastKnownFileType = sourcecode.swift; path = DetailsViewController.swift; sourceTree = "<group>"; };
		630A00BB22413E2E00D47A5B /* mhb224_p4.app */ = {isa = PBXFileReference; explicitFileType = wrapper.application; includeInIndex = 0; path = mhb224_p4.app; sourceTree = BUILT_PRODUCTS_DIR; };
		630A00BE22413E2E00D47A5B /* AppDelegate.swift */ = {isa = PBXFileReference; lastKnownFileType = sourcecode.swift; path = AppDelegate.swift; sourceTree = "<group>"; };
		630A00C022413E2E00D47A5B /* ViewController.swift */ = {isa = PBXFileReference; lastKnownFileType = sourcecode.swift; path = ViewController.swift; sourceTree = "<group>"; };
		630A00C522413E3000D47A5B /* Assets.xcassets */ = {isa = PBXFileReference; lastKnownFileType = folder.assetcatalog; path = Assets.xcassets; sourceTree = "<group>"; };
		630A00C822413E3000D47A5B /* Base */ = {isa = PBXFileReference; lastKnownFileType = file.storyboard; name = Base; path = Base.lproj/LaunchScreen.storyboard; sourceTree = "<group>"; };
		630A00CA22413E3000D47A5B /* Info.plist */ = {isa = PBXFileReference; lastKnownFileType = text.plist.xml; path = Info.plist; sourceTree = "<group>"; };
		630A00D02241630800D47A5B /* SongTableViewCell.swift */ = {isa = PBXFileReference; lastKnownFileType = sourcecode.swift; path = SongTableViewCell.swift; sourceTree = "<group>"; };
		630A00D2224165EE00D47A5B /* Song.swift */ = {isa = PBXFileReference; lastKnownFileType = sourcecode.swift; path = Song.swift; sourceTree = "<group>"; };
		63DB5C8F2248636400A5D834 /* AddSongViewController.swift */ = {isa = PBXFileReference; lastKnownFileType = sourcecode.swift; path = AddSongViewController.swift; sourceTree = "<group>"; };
/* End PBXFileReference section */

/* Begin PBXFrameworksBuildPhase section */
		630A00B822413E2E00D47A5B /* Frameworks */ = {
			isa = PBXFrameworksBuildPhase;
			buildActionMask = 2147483647;
			files = (
			);
			runOnlyForDeploymentPostprocessing = 0;
		};
/* End PBXFrameworksBuildPhase section */

/* Begin PBXGroup section */
		630A00B222413E2E00D47A5B = {
			isa = PBXGroup;
			children = (
				630A00BD22413E2E00D47A5B /* mhb224_p4 */,
				630A00BC22413E2E00D47A5B /* Products */,
			);
			sourceTree = "<group>";
		};
		630A00BC22413E2E00D47A5B /* Products */ = {
			isa = PBXGroup;
			children = (
				630A00BB22413E2E00D47A5B /* mhb224_p4.app */,
			);
			name = Products;
			sourceTree = "<group>";
		};
		630A00BD22413E2E00D47A5B /* mhb224_p4 */ = {
			isa = PBXGroup;
			children = (
				630A00BE22413E2E00D47A5B /* AppDelegate.swift */,
				630A00C022413E2E00D47A5B /* ViewController.swift */,
				63075A252245A9AE00421444 /* DetailsViewController.swift */,
				63DB5C8F2248636400A5D834 /* AddSongViewController.swift */,
				630A00D2224165EE00D47A5B /* Song.swift */,
				630A00D02241630800D47A5B /* SongTableViewCell.swift */,
				630A00C522413E3000D47A5B /* Assets.xcassets */,
				630A00C722413E3000D47A5B /* LaunchScreen.storyboard */,
				630A00CA22413E3000D47A5B /* Info.plist */,
			);
			path = mhb224_p4;
			sourceTree = "<group>";
		};
/* End PBXGroup section */

/* Begin PBXNativeTarget section */
		630A00BA22413E2E00D47A5B /* mhb224_p4 */ = {
			isa = PBXNativeTarget;
			buildConfigurationList = 630A00CD22413E3000D47A5B /* Build configuration list for PBXNativeTarget "mhb224_p4" */;
			buildPhases = (
				630A00B722413E2E00D47A5B /* Sources */,
				630A00B822413E2E00D47A5B /* Frameworks */,
				630A00B922413E2E00D47A5B /* Resources */,
			);
			buildRules = (
			);
			dependencies = (
			);
			name = mhb224_p4;
			productName = mhb224_p4;
			productReference = 630A00BB22413E2E00D47A5B /* mhb224_p4.app */;
			productType = "com.apple.product-type.application";
		};
/* End PBXNativeTarget section */

/* Begin PBXProject section */
		630A00B322413E2E00D47A5B /* Project object */ = {
			isa = PBXProject;
			attributes = {
				LastSwiftUpdateCheck = 1010;
				LastUpgradeCheck = 1010;
				ORGANIZATIONNAME = "Morgan Belous";
				TargetAttributes = {
					630A00BA22413E2E00D47A5B = {
						CreatedOnToolsVersion = 10.1;
					};
				};
			};
			buildConfigurationList = 630A00B622413E2E00D47A5B /* Build configuration list for PBXProject "mhb224_p4" */;
			compatibilityVersion = "Xcode 9.3";
			developmentRegion = en;
			hasScannedForEncodings = 0;
			knownRegions = (
				en,
				Base,
			);
			mainGroup = 630A00B222413E2E00D47A5B;
			productRefGroup = 630A00BC22413E2E00D47A5B /* Products */;
			projectDirPath = "";
			projectRoot = "";
			targets = (
				630A00BA22413E2E00D47A5B /* mhb224_p4 */,
			);
		};
/* End PBXProject section */

/* Begin PBXResourcesBuildPhase section */
		630A00B922413E2E00D47A5B /* Resources */ = {
			isa = PBXResourcesBuildPhase;
			buildActionMask = 2147483647;
			files = (
				630A00C922413E3000D47A5B /* LaunchScreen.storyboard in Resources */,
				630A00C622413E3000D47A5B /* Assets.xcassets in Resources */,
			);
			runOnlyForDeploymentPostprocessing = 0;
		};
/* End PBXResourcesBuildPhase section */

/* Begin PBXSourcesBuildPhase section */
		630A00B722413E2E00D47A5B /* Sources */ = {
			isa = PBXSourcesBuildPhase;
			buildActionMask = 2147483647;
			files = (
				630A00D3224165EE00D47A5B /* Song.swift in Sources */,
				63DB5C902248636400A5D834 /* AddSongViewController.swift in Sources */,
				630A00D12241630800D47A5B /* SongTableViewCell.swift in Sources */,
				630A00C122413E2E00D47A5B /* ViewController.swift in Sources */,
				630A00BF22413E2E00D47A5B /* AppDelegate.swift in Sources */,
				63075A262245A9AE00421444 /* DetailsViewController.swift in Sources */,
			);
			runOnlyForDeploymentPostprocessing = 0;
		};
/* End PBXSourcesBuildPhase section */

/* Begin PBXVariantGroup section */
		630A00C722413E3000D47A5B /* LaunchScreen.storyboard */ = {
			isa = PBXVariantGroup;
			children = (
				630A00C822413E3000D47A5B /* Base */,
			);
			name = LaunchScreen.storyboard;
			sourceTree = "<group>";
		};
/* End PBXVariantGroup section */

/* Begin XCBuildConfiguration section */
		630A00CB22413E3000D47A5B /* Debug */ = {
			isa = XCBuildConfiguration;
			buildSettings = {
				ALWAYS_SEARCH_USER_PATHS = NO;
				CLANG_ANALYZER_NONNULL = YES;
				CLANG_ANALYZER_NUMBER_OBJECT_CONVERSION = YES_AGGRESSIVE;
				CLANG_CXX_LANGUAGE_STANDARD = "gnu++14";
				CLANG_CXX_LIBRARY = "libc++";
				CLANG_ENABLE_MODULES = YES;
				CLANG_ENABLE_OBJC_ARC = YES;
				CLANG_ENABLE_OBJC_WEAK = YES;
				CLANG_WARN_BLOCK_CAPTURE_AUTORELEASING = YES;
				CLANG_WARN_BOOL_CONVERSION = YES;
				CLANG_WARN_COMMA = YES;
				CLANG_WARN_CONSTANT_CONVERSION = YES;
				CLANG_WARN_DEPRECATED_OBJC_IMPLEMENTATIONS = YES;
				CLANG_WARN_DIRECT_OBJC_ISA_USAGE = YES_ERROR;
				CLANG_WARN_DOCUMENTATION_COMMENTS = YES;
				CLANG_WARN_EMPTY_BODY = YES;
				CLANG_WARN_ENUM_CONVERSION = YES;
				CLANG_WARN_INFINITE_RECURSION = YES;
				CLANG_WARN_INT_CONVERSION = YES;
				CLANG_WARN_NON_LITERAL_NULL_CONVERSION = YES;
				CLANG_WARN_OBJC_IMPLICIT_RETAIN_SELF = YES;
				CLANG_WARN_OBJC_LITERAL_CONVERSION = YES;
				CLANG_WARN_OBJC_ROOT_CLASS = YES_ERROR;
				CLANG_WARN_RANGE_LOOP_ANALYSIS = YES;
				CLANG_WARN_STRICT_PROTOTYPES = YES;
				CLANG_WARN_SUSPICIOUS_MOVE = YES;
				CLANG_WARN_UNGUARDED_AVAILABILITY = YES_AGGRESSIVE;
				CLANG_WARN_UNREACHABLE_CODE = YES;
				CLANG_WARN__DUPLICATE_METHOD_MATCH = YES;
				CODE_SIGN_IDENTITY = "iPhone Developer";
				COPY_PHASE_STRIP = NO;
				DEBUG_INFORMATION_FORMAT = dwarf;
				ENABLE_STRICT_OBJC_MSGSEND = YES;
				ENABLE_TESTABILITY = YES;
				GCC_C_LANGUAGE_STANDARD = gnu11;
				GCC_DYNAMIC_NO_PIC = NO;
				GCC_NO_COMMON_BLOCKS = YES;
				GCC_OPTIMIZATION_LEVEL = 0;
				GCC_PREPROCESSOR_DEFINITIONS = (
					"DEBUG=1",
					"$(inherited)",
				);
				GCC_WARN_64_TO_32_BIT_CONVERSION = YES;
				GCC_WARN_ABOUT_RETURN_TYPE = YES_ERROR;
				GCC_WARN_UNDECLARED_SELECTOR = YES;
				GCC_WARN_UNINITIALIZED_AUTOS = YES_AGGRESSIVE;
				GCC_WARN_UNUSED_FUNCTION = YES;
				GCC_WARN_UNUSED_VARIABLE = YES;
				IPHONEOS_DEPLOYMENT_TARGET = 12.1;
				MTL_ENABLE_DEBUG_INFO = INCLUDE_SOURCE;
				MTL_FAST_MATH = YES;
				ONLY_ACTIVE_ARCH = YES;
				SDKROOT = iphoneos;
				SWIFT_ACTIVE_COMPILATION_CONDITIONS = DEBUG;
				SWIFT_OPTIMIZATION_LEVEL = "-Onone";
			};
			name = Debug;
		};
		630A00CC22413E3000D47A5B /* Release */ = {
			isa = XCBuildConfiguration;
			buildSettings = {
				ALWAYS_SEARCH_USER_PATHS = NO;
				CLANG_ANALYZER_NONNULL = YES;
				CLANG_ANALYZER_NUMBER_OBJECT_CONVERSION = YES_AGGRESSIVE;
				CLANG_CXX_LANGUAGE_STANDARD = "gnu++14";
				CLANG_CXX_LIBRARY = "libc++";
				CLANG_ENABLE_MODULES = YES;
				CLANG_ENABLE_OBJC_ARC = YES;
				CLANG_ENABLE_OBJC_WEAK = YES;
				CLANG_WARN_BLOCK_CAPTURE_AUTORELEASING = YES;
				CLANG_WARN_BOOL_CONVERSION = YES;
				CLANG_WARN_COMMA = YES;
				CLANG_WARN_CONSTANT_CONVERSION = YES;
				CLANG_WARN_DEPRECATED_OBJC_IMPLEMENTATIONS = YES;
				CLANG_WARN_DIRECT_OBJC_ISA_USAGE = YES_ERROR;
				CLANG_WARN_DOCUMENTATION_COMMENTS = YES;
				CLANG_WARN_EMPTY_BODY = YES;
				CLANG_WARN_ENUM_CONVERSION = YES;
				CLANG_WARN_INFINITE_RECURSION = YES;
				CLANG_WARN_INT_CONVERSION = YES;
				CLANG_WARN_NON_LITERAL_NULL_CONVERSION = YES;
				CLANG_WARN_OBJC_IMPLICIT_RETAIN_SELF = YES;
				CLANG_WARN_OBJC_LITERAL_CONVERSION = YES;
				CLANG_WARN_OBJC_ROOT_CLASS = YES_ERROR;
				CLANG_WARN_RANGE_LOOP_ANALYSIS = YES;
				CLANG_WARN_STRICT_PROTOTYPES = YES;
				CLANG_WARN_SUSPICIOUS_MOVE = YES;
				CLANG_WARN_UNGUARDED_AVAILABILITY = YES_AGGRESSIVE;
				CLANG_WARN_UNREACHABLE_CODE = YES;
				CLANG_WARN__DUPLICATE_METHOD_MATCH = YES;
				CODE_SIGN_IDENTITY = "iPhone Developer";
				COPY_PHASE_STRIP = NO;
				DEBUG_INFORMATION_FORMAT = "dwarf-with-dsym";
				ENABLE_NS_ASSERTIONS = NO;
				ENABLE_STRICT_OBJC_MSGSEND = YES;
				GCC_C_LANGUAGE_STANDARD = gnu11;
				GCC_NO_COMMON_BLOCKS = YES;
				GCC_WARN_64_TO_32_BIT_CONVERSION = YES;
				GCC_WARN_ABOUT_RETURN_TYPE = YES_ERROR;
				GCC_WARN_UNDECLARED_SELECTOR = YES;
				GCC_WARN_UNINITIALIZED_AUTOS = YES_AGGRESSIVE;
				GCC_WARN_UNUSED_FUNCTION = YES;
				GCC_WARN_UNUSED_VARIABLE = YES;
				IPHONEOS_DEPLOYMENT_TARGET = 12.1;
				MTL_ENABLE_DEBUG_INFO = NO;
				MTL_FAST_MATH = YES;
				SDKROOT = iphoneos;
				SWIFT_COMPILATION_MODE = wholemodule;
				SWIFT_OPTIMIZATION_LEVEL = "-O";
				VALIDATE_PRODUCT = YES;
			};
			name = Release;
		};
		630A00CE22413E3000D47A5B /* Debug */ = {
			isa = XCBuildConfiguration;
			buildSettings = {
				ASSETCATALOG_COMPILER_APPICON_NAME = AppIcon;
				CODE_SIGN_STYLE = Automatic;
				INFOPLIST_FILE = mhb224_p4/Info.plist;
				LD_RUNPATH_SEARCH_PATHS = (
					"$(inherited)",
					"@executable_path/Frameworks",
				);
				PRODUCT_BUNDLE_IDENTIFIER = "Morgan-Belous.mhb224-p4";
				PRODUCT_NAME = "$(TARGET_NAME)";
				SWIFT_VERSION = 4.2;
				TARGETED_DEVICE_FAMILY = "1,2";
			};
			name = Debug;
		};
		630A00CF22413E3000D47A5B /* Release */ = {
			isa = XCBuildConfiguration;
			buildSettings = {
				ASSETCATALOG_COMPILER_APPICON_NAME = AppIcon;
				CODE_SIGN_STYLE = Automatic;
				INFOPLIST_FILE = mhb224_p4/Info.plist;
				LD_RUNPATH_SEARCH_PATHS = (
					"$(inherited)",
					"@executable_path/Frameworks",
				);
				PRODUCT_BUNDLE_IDENTIFIER = "Morgan-Belous.mhb224-p4";
				PRODUCT_NAME = "$(TARGET_NAME)";
				SWIFT_VERSION = 4.2;
				TARGETED_DEVICE_FAMILY = "1,2";
			};
			name = Release;
		};
/* End XCBuildConfiguration section */

/* Begin XCConfigurationList section */
		630A00B622413E2E00D47A5B /* Build configuration list for PBXProject "mhb224_p4" */ = {
			isa = XCConfigurationList;
			buildConfigurations = (
				630A00CB22413E3000D47A5B /* Debug */,
				630A00CC22413E3000D47A5B /* Release */,
			);
			defaultConfigurationIsVisible = 0;
			defaultConfigurationName = Release;
		};
		630A00CD22413E3000D47A5B /* Build configuration list for PBXNativeTarget "mhb224_p4" */ = {
			isa = XCConfigurationList;
			buildConfigurations = (
				630A00CE22413E3000D47A5B /* Debug */,
				630A00CF22413E3000D47A5B /* Release */,
			);
			defaultConfigurationIsVisible = 0;
			defaultConfigurationName = Release;
		};
/* End XCConfigurationList section */
	};
	rootObject = 630A00B322413E2E00D47A5B /* Project object */;
}
